
Microsoft Visual Studio Solution File, Format Version 12.00
Project("{FAE04EC0-301F-11D3-BF4B-00C04F79EFBC}") = "Graph Theory Graphing Application", "Graph Theory Graphing Application\Graph Theory Graphing Application.csproj", "{0AD49F62-5551-48BF-8013-DA60F7DC5561}"
EndProject
Global
	GlobalSection(SolutionConfigurationPlatforms) = preSolution
		Debug|Any CPU = Debug|Any CPU
		Release|Any CPU = Release|Any CPU
	EndGlobalSection
	GlobalSection(ProjectConfigurationPlatforms) = postSolution
		{0AD49F62-5551-48BF-8013-DA60F7DC5561}.Debug|Any CPU.ActiveCfg = Debug|Any CPU
		{0AD49F62-5551-48BF-8013-DA60F7DC5561}.Debug|Any CPU.Build.0 = Debug|Any CPU
		{0AD49F62-5551-48BF-8013-DA60F7DC5561}.Release|Any CPU.ActiveCfg = Release|Any CPU
		{0AD49F62-5551-48BF-8013-DA60F7DC5561}.Release|Any CPU.Build.0 = Release|Any CPU
	EndGlobalSection
EndGlobal
